// !$*UTF8*$!
{
	archiveVersion = 1;
	classes = {
	};
	objectVersion = 46;
	objects = {

/* Begin PBXBuildFile section */
		7623C5261EB492A10050838F /* AppDelegate.swift in Sources */ = {isa = PBXBuildFile; fileRef = 7623C5251EB492A10050838F /* AppDelegate.swift */; };
		7623C5281EB492A10050838F /* GameScene.sks in Resources */ = {isa = PBXBuildFile; fileRef = 7623C5271EB492A10050838F /* GameScene.sks */; };
		7623C52C1EB492A10050838F /* GameScene.swift in Sources */ = {isa = PBXBuildFile; fileRef = 7623C52B1EB492A10050838F /* GameScene.swift */; };
		7623C52E1EB492A10050838F /* GameViewController.swift in Sources */ = {isa = PBXBuildFile; fileRef = 7623C52D1EB492A10050838F /* GameViewController.swift */; };
		7623C5311EB492A10050838F /* Main.storyboard in Resources */ = {isa = PBXBuildFile; fileRef = 7623C52F1EB492A10050838F /* Main.storyboard */; };
		7623C5331EB492A10050838F /* Assets.xcassets in Resources */ = {isa = PBXBuildFile; fileRef = 7623C5321EB492A10050838F /* Assets.xcassets */; };
		7623C5361EB492A10050838F /* LaunchScreen.storyboard in Resources */ = {isa = PBXBuildFile; fileRef = 7623C5341EB492A10050838F /* LaunchScreen.storyboard */; };
		7623C55A1EB4A54E0050838F /* background.jpg in Resources */ = {isa = PBXBuildFile; fileRef = 7623C53E1EB4A54E0050838F /* background.jpg */; };
		7623C55B1EB4A54E0050838F /* background@2x.jpg in Resources */ = {isa = PBXBuildFile; fileRef = 7623C53F1EB4A54E0050838F /* background@2x.jpg */; };
		7623C55C1EB4A54E0050838F /* ballBlue.png in Resources */ = {isa = PBXBuildFile; fileRef = 7623C5401EB4A54E0050838F /* ballBlue.png */; };
		7623C55D1EB4A54F0050838F /* ballBlue@2x.png in Resources */ = {isa = PBXBuildFile; fileRef = 7623C5411EB4A54E0050838F /* ballBlue@2x.png */; };
		7623C55E1EB4A54F0050838F /* ballCyan.png in Resources */ = {isa = PBXBuildFile; fileRef = 7623C5421EB4A54E0050838F /* ballCyan.png */; };
		7623C55F1EB4A54F0050838F /* ballCyan@2x.png in Resources */ = {isa = PBXBuildFile; fileRef = 7623C5431EB4A54E0050838F /* ballCyan@2x.png */; };
		7623C5601EB4A54F0050838F /* ballGreen.png in Resources */ = {isa = PBXBuildFile; fileRef = 7623C5441EB4A54E0050838F /* ballGreen.png */; };
		7623C5611EB4A54F0050838F /* ballGreen@2x.png in Resources */ = {isa = PBXBuildFile; fileRef = 7623C5451EB4A54E0050838F /* ballGreen@2x.png */; };
		7623C5621EB4A54F0050838F /* ballGrey.png in Resources */ = {isa = PBXBuildFile; fileRef = 7623C5461EB4A54E0050838F /* ballGrey.png */; };
		7623C5631EB4A54F0050838F /* ballGrey@2x.png in Resources */ = {isa = PBXBuildFile; fileRef = 7623C5471EB4A54E0050838F /* ballGrey@2x.png */; };
		7623C5641EB4A54F0050838F /* ballPurple.png in Resources */ = {isa = PBXBuildFile; fileRef = 7623C5481EB4A54E0050838F /* ballPurple.png */; };
		7623C5651EB4A54F0050838F /* ballPurple@2x.png in Resources */ = {isa = PBXBuildFile; fileRef = 7623C5491EB4A54E0050838F /* ballPurple@2x.png */; };
		7623C5661EB4A54F0050838F /* ballRed.png in Resources */ = {isa = PBXBuildFile; fileRef = 7623C54A1EB4A54E0050838F /* ballRed.png */; };
		7623C5671EB4A54F0050838F /* ballRed@2x.png in Resources */ = {isa = PBXBuildFile; fileRef = 7623C54B1EB4A54E0050838F /* ballRed@2x.png */; };
		7623C5681EB4A54F0050838F /* ballYellow.png in Resources */ = {isa = PBXBuildFile; fileRef = 7623C54C1EB4A54E0050838F /* ballYellow.png */; };
		7623C5691EB4A54F0050838F /* ballYellow@2x.png in Resources */ = {isa = PBXBuildFile; fileRef = 7623C54D1EB4A54E0050838F /* ballYellow@2x.png */; };
		7623C56A1EB4A54F0050838F /* bouncer.png in Resources */ = {isa = PBXBuildFile; fileRef = 7623C54E1EB4A54E0050838F /* bouncer.png */; };
		7623C56B1EB4A54F0050838F /* bouncer@2x.png in Resources */ = {isa = PBXBuildFile; fileRef = 7623C54F1EB4A54E0050838F /* bouncer@2x.png */; };
		7623C56C1EB4A54F0050838F /* FireParticles.sks in Resources */ = {isa = PBXBuildFile; fileRef = 7623C5501EB4A54E0050838F /* FireParticles.sks */; };
		7623C56D1EB4A54F0050838F /* slotBaseBad.png in Resources */ = {isa = PBXBuildFile; fileRef = 7623C5511EB4A54E0050838F /* slotBaseBad.png */; };
		7623C56E1EB4A54F0050838F /* slotBaseBad@2x.png in Resources */ = {isa = PBXBuildFile; fileRef = 7623C5521EB4A54E0050838F /* slotBaseBad@2x.png */; };
		7623C56F1EB4A54F0050838F /* slotBaseGood.png in Resources */ = {isa = PBXBuildFile; fileRef = 7623C5531EB4A54E0050838F /* slotBaseGood.png */; };
		7623C5701EB4A54F0050838F /* slotBaseGood@2x.png in Resources */ = {isa = PBXBuildFile; fileRef = 7623C5541EB4A54E0050838F /* slotBaseGood@2x.png */; };
		7623C5711EB4A54F0050838F /* slotGlowBad.png in Resources */ = {isa = PBXBuildFile; fileRef = 7623C5551EB4A54E0050838F /* slotGlowBad.png */; };
		7623C5721EB4A54F0050838F /* slotGlowBad@2x.png in Resources */ = {isa = PBXBuildFile; fileRef = 7623C5561EB4A54E0050838F /* slotGlowBad@2x.png */; };
		7623C5731EB4A54F0050838F /* slotGlowGood.png in Resources */ = {isa = PBXBuildFile; fileRef = 7623C5571EB4A54E0050838F /* slotGlowGood.png */; };
		7623C5741EB4A54F0050838F /* slotGlowGood@2x.png in Resources */ = {isa = PBXBuildFile; fileRef = 7623C5581EB4A54E0050838F /* slotGlowGood@2x.png */; };
		7623C5751EB4A54F0050838F /* spark.png in Resources */ = {isa = PBXBuildFile; fileRef = 7623C5591EB4A54E0050838F /* spark.png */; };
		7623C5771EB4F6E30050838F /* Helper.swift in Sources */ = {isa = PBXBuildFile; fileRef = 7623C5761EB4F6E30050838F /* Helper.swift */; };
/* End PBXBuildFile section */

/* Begin PBXFileReference section */
		7623C5221EB492A10050838F /* Pachinko.app */ = {isa = PBXFileReference; explicitFileType = wrapper.application; includeInIndex = 0; path = Pachinko.app; sourceTree = BUILT_PRODUCTS_DIR; };
		7623C5251EB492A10050838F /* AppDelegate.swift */ = {isa = PBXFileReference; lastKnownFileType = sourcecode.swift; path = AppDelegate.swift; sourceTree = "<group>"; };
		7623C5271EB492A10050838F /* GameScene.sks */ = {isa = PBXFileReference; lastKnownFileType = file.sks; path = GameScene.sks; sourceTree = "<group>"; };
		7623C52B1EB492A10050838F /* GameScene.swift */ = {isa = PBXFileReference; lastKnownFileType = sourcecode.swift; path = GameScene.swift; sourceTree = "<group>"; };
		7623C52D1EB492A10050838F /* GameViewController.swift */ = {isa = PBXFileReference; lastKnownFileType = sourcecode.swift; path = GameViewController.swift; sourceTree = "<group>"; };
		7623C5301EB492A10050838F /* Base */ = {isa = PBXFileReference; lastKnownFileType = file.storyboard; name = Base; path = Base.lproj/Main.storyboard; sourceTree = "<group>"; };
		7623C5321EB492A10050838F /* Assets.xcassets */ = {isa = PBXFileReference; lastKnownFileType = folder.assetcatalog; path = Assets.xcassets; sourceTree = "<group>"; };
		7623C5351EB492A10050838F /* Base */ = {isa = PBXFileReference; lastKnownFileType = file.storyboard; name = Base; path = Base.lproj/LaunchScreen.storyboard; sourceTree = "<group>"; };
		7623C5371EB492A10050838F /* Info.plist */ = {isa = PBXFileReference; lastKnownFileType = text.plist.xml; path = Info.plist; sourceTree = "<group>"; };
		7623C53E1EB4A54E0050838F /* background.jpg */ = {isa = PBXFileReference; lastKnownFileType = image.jpeg; path = background.jpg; sourceTree = "<group>"; };
		7623C53F1EB4A54E0050838F /* background@2x.jpg */ = {isa = PBXFileReference; lastKnownFileType = image.jpeg; path = "background@2x.jpg"; sourceTree = "<group>"; };
		7623C5401EB4A54E0050838F /* ballBlue.png */ = {isa = PBXFileReference; lastKnownFileType = image.png; path = ballBlue.png; sourceTree = "<group>"; };
		7623C5411EB4A54E0050838F /* ballBlue@2x.png */ = {isa = PBXFileReference; lastKnownFileType = image.png; path = "ballBlue@2x.png"; sourceTree = "<group>"; };
		7623C5421EB4A54E0050838F /* ballCyan.png */ = {isa = PBXFileReference; lastKnownFileType = image.png; path = ballCyan.png; sourceTree = "<group>"; };
		7623C5431EB4A54E0050838F /* ballCyan@2x.png */ = {isa = PBXFileReference; lastKnownFileType = image.png; path = "ballCyan@2x.png"; sourceTree = "<group>"; };
		7623C5441EB4A54E0050838F /* ballGreen.png */ = {isa = PBXFileReference; lastKnownFileType = image.png; path = ballGreen.png; sourceTree = "<group>"; };
		7623C5451EB4A54E0050838F /* ballGreen@2x.png */ = {isa = PBXFileReference; lastKnownFileType = image.png; path = "ballGreen@2x.png"; sourceTree = "<group>"; };
		7623C5461EB4A54E0050838F /* ballGrey.png */ = {isa = PBXFileReference; lastKnownFileType = image.png; path = ballGrey.png; sourceTree = "<group>"; };
		7623C5471EB4A54E0050838F /* ballGrey@2x.png */ = {isa = PBXFileReference; lastKnownFileType = image.png; path = "ballGrey@2x.png"; sourceTree = "<group>"; };
		7623C5481EB4A54E0050838F /* ballPurple.png */ = {isa = PBXFileReference; lastKnownFileType = image.png; path = ballPurple.png; sourceTree = "<group>"; };
		7623C5491EB4A54E0050838F /* ballPurple@2x.png */ = {isa = PBXFileReference; lastKnownFileType = image.png; path = "ballPurple@2x.png"; sourceTree = "<group>"; };
		7623C54A1EB4A54E0050838F /* ballRed.png */ = {isa = PBXFileReference; lastKnownFileType = image.png; path = ballRed.png; sourceTree = "<group>"; };
		7623C54B1EB4A54E0050838F /* ballRed@2x.png */ = {isa = PBXFileReference; lastKnownFileType = image.png; path = "ballRed@2x.png"; sourceTree = "<group>"; };
		7623C54C1EB4A54E0050838F /* ballYellow.png */ = {isa = PBXFileReference; lastKnownFileType = image.png; path = ballYellow.png; sourceTree = "<group>"; };
		7623C54D1EB4A54E0050838F /* ballYellow@2x.png */ = {isa = PBXFileReference; lastKnownFileType = image.png; path = "ballYellow@2x.png"; sourceTree = "<group>"; };
		7623C54E1EB4A54E0050838F /* bouncer.png */ = {isa = PBXFileReference; lastKnownFileType = image.png; path = bouncer.png; sourceTree = "<group>"; };
		7623C54F1EB4A54E0050838F /* bouncer@2x.png */ = {isa = PBXFileReference; lastKnownFileType = image.png; path = "bouncer@2x.png"; sourceTree = "<group>"; };
		7623C5501EB4A54E0050838F /* FireParticles.sks */ = {isa = PBXFileReference; lastKnownFileType = file.sks; path = FireParticles.sks; sourceTree = "<group>"; };
		7623C5511EB4A54E0050838F /* slotBaseBad.png */ = {isa = PBXFileReference; lastKnownFileType = image.png; path = slotBaseBad.png; sourceTree = "<group>"; };
		7623C5521EB4A54E0050838F /* slotBaseBad@2x.png */ = {isa = PBXFileReference; lastKnownFileType = image.png; path = "slotBaseBad@2x.png"; sourceTree = "<group>"; };
		7623C5531EB4A54E0050838F /* slotBaseGood.png */ = {isa = PBXFileReference; lastKnownFileType = image.png; path = slotBaseGood.png; sourceTree = "<group>"; };
		7623C5541EB4A54E0050838F /* slotBaseGood@2x.png */ = {isa = PBXFileReference; lastKnownFileType = image.png; path = "slotBaseGood@2x.png"; sourceTree = "<group>"; };
		7623C5551EB4A54E0050838F /* slotGlowBad.png */ = {isa = PBXFileReference; lastKnownFileType = image.png; path = slotGlowBad.png; sourceTree = "<group>"; };
		7623C5561EB4A54E0050838F /* slotGlowBad@2x.png */ = {isa = PBXFileReference; lastKnownFileType = image.png; path = "slotGlowBad@2x.png"; sourceTree = "<group>"; };
		7623C5571EB4A54E0050838F /* slotGlowGood.png */ = {isa = PBXFileReference; lastKnownFileType = image.png; path = slotGlowGood.png; sourceTree = "<group>"; };
		7623C5581EB4A54E0050838F /* slotGlowGood@2x.png */ = {isa = PBXFileReference; lastKnownFileType = image.png; path = "slotGlowGood@2x.png"; sourceTree = "<group>"; };
		7623C5591EB4A54E0050838F /* spark.png */ = {isa = PBXFileReference; lastKnownFileType = image.png; path = spark.png; sourceTree = "<group>"; };
		7623C5761EB4F6E30050838F /* Helper.swift */ = {isa = PBXFileReference; fileEncoding = 4; lastKnownFileType = sourcecode.swift; path = Helper.swift; sourceTree = "<group>"; };
/* End PBXFileReference section */

/* Begin PBXFrameworksBuildPhase section */
		7623C51F1EB492A00050838F /* Frameworks */ = {
			isa = PBXFrameworksBuildPhase;
			buildActionMask = 2147483647;
			files = (
			);
			runOnlyForDeploymentPostprocessing = 0;
		};
/* End PBXFrameworksBuildPhase section */

/* Begin PBXGroup section */
		7623C5191EB4929F0050838F = {
			isa = PBXGroup;
			children = (
				7623C5241EB492A10050838F /* Pachinko */,
				7623C5231EB492A10050838F /* Products */,
			);
			sourceTree = "<group>";
		};
		7623C5231EB492A10050838F /* Products */ = {
			isa = PBXGroup;
			children = (
				7623C5221EB492A10050838F /* Pachinko.app */,
			);
			name = Products;
			sourceTree = "<group>";
		};
		7623C5241EB492A10050838F /* Pachinko */ = {
			isa = PBXGroup;
			children = (
				7623C53D1EB4A5300050838F /* Content */,
				7623C5251EB492A10050838F /* AppDelegate.swift */,
				7623C5271EB492A10050838F /* GameScene.sks */,
				7623C52B1EB492A10050838F /* GameScene.swift */,
				7623C52D1EB492A10050838F /* GameViewController.swift */,
				7623C5761EB4F6E30050838F /* Helper.swift */,
				7623C52F1EB492A10050838F /* Main.storyboard */,
				7623C5321EB492A10050838F /* Assets.xcassets */,
				7623C5341EB492A10050838F /* LaunchScreen.storyboard */,
				7623C5371EB492A10050838F /* Info.plist */,
			);
			path = Pachinko;
			sourceTree = "<group>";
		};
		7623C53D1EB4A5300050838F /* Content */ = {
			isa = PBXGroup;
			children = (
				7623C53E1EB4A54E0050838F /* background.jpg */,
				7623C53F1EB4A54E0050838F /* background@2x.jpg */,
				7623C5401EB4A54E0050838F /* ballBlue.png */,
				7623C5411EB4A54E0050838F /* ballBlue@2x.png */,
				7623C5421EB4A54E0050838F /* ballCyan.png */,
				7623C5431EB4A54E0050838F /* ballCyan@2x.png */,
				7623C5441EB4A54E0050838F /* ballGreen.png */,
				7623C5451EB4A54E0050838F /* ballGreen@2x.png */,
				7623C5461EB4A54E0050838F /* ballGrey.png */,
				7623C5471EB4A54E0050838F /* ballGrey@2x.png */,
				7623C5481EB4A54E0050838F /* ballPurple.png */,
				7623C5491EB4A54E0050838F /* ballPurple@2x.png */,
				7623C54A1EB4A54E0050838F /* ballRed.png */,
				7623C54B1EB4A54E0050838F /* ballRed@2x.png */,
				7623C54C1EB4A54E0050838F /* ballYellow.png */,
				7623C54D1EB4A54E0050838F /* ballYellow@2x.png */,
				7623C54E1EB4A54E0050838F /* bouncer.png */,
				7623C54F1EB4A54E0050838F /* bouncer@2x.png */,
				7623C5501EB4A54E0050838F /* FireParticles.sks */,
				7623C5511EB4A54E0050838F /* slotBaseBad.png */,
				7623C5521EB4A54E0050838F /* slotBaseBad@2x.png */,
				7623C5531EB4A54E0050838F /* slotBaseGood.png */,
				7623C5541EB4A54E0050838F /* slotBaseGood@2x.png */,
				7623C5551EB4A54E0050838F /* slotGlowBad.png */,
				7623C5561EB4A54E0050838F /* slotGlowBad@2x.png */,
				7623C5571EB4A54E0050838F /* slotGlowGood.png */,
				7623C5581EB4A54E0050838F /* slotGlowGood@2x.png */,
				7623C5591EB4A54E0050838F /* spark.png */,
			);
			name = Content;
			sourceTree = "<group>";
		};
/* End PBXGroup section */

/* Begin PBXNativeTarget section */
		7623C5211EB492A00050838F /* Pachinko */ = {
			isa = PBXNativeTarget;
			buildConfigurationList = 7623C53A1EB492A10050838F /* Build configuration list for PBXNativeTarget "Pachinko" */;
			buildPhases = (
				7623C51E1EB492A00050838F /* Sources */,
				7623C51F1EB492A00050838F /* Frameworks */,
				7623C5201EB492A00050838F /* Resources */,
			);
			buildRules = (
			);
			dependencies = (
			);
			name = Pachinko;
			productName = Pachinko;
			productReference = 7623C5221EB492A10050838F /* Pachinko.app */;
			productType = "com.apple.product-type.application";
		};
/* End PBXNativeTarget section */

/* Begin PBXProject section */
		7623C51A1EB492A00050838F /* Project object */ = {
			isa = PBXProject;
			attributes = {
				LastSwiftUpdateCheck = 0820;
				LastUpgradeCheck = 0820;
				ORGANIZATIONNAME = nbalsmeyer;
				TargetAttributes = {
					7623C5211EB492A00050838F = {
						CreatedOnToolsVersion = 8.2.1;
						ProvisioningStyle = Automatic;
					};
				};
			};
			buildConfigurationList = 7623C51D1EB492A00050838F /* Build configuration list for PBXProject "Pachinko" */;
			compatibilityVersion = "Xcode 3.2";
			developmentRegion = English;
			hasScannedForEncodings = 0;
			knownRegions = (
				en,
				Base,
			);
			mainGroup = 7623C5191EB4929F0050838F;
			productRefGroup = 7623C5231EB492A10050838F /* Products */;
			projectDirPath = "";
			projectRoot = "";
			targets = (
				7623C5211EB492A00050838F /* Pachinko */,
			);
		};
/* End PBXProject section */

/* Begin PBXResourcesBuildPhase section */
		7623C5201EB492A00050838F /* Resources */ = {
			isa = PBXResourcesBuildPhase;
			buildActionMask = 2147483647;
			files = (
				7623C5631EB4A54F0050838F /* ballGrey@2x.png in Resources */,
				7623C5651EB4A54F0050838F /* ballPurple@2x.png in Resources */,
				7623C5721EB4A54F0050838F /* slotGlowBad@2x.png in Resources */,
				7623C55E1EB4A54F0050838F /* ballCyan.png in Resources */,
				7623C56F1EB4A54F0050838F /* slotBaseGood.png in Resources */,
				7623C5311EB492A10050838F /* Main.storyboard in Resources */,
				7623C55C1EB4A54E0050838F /* ballBlue.png in Resources */,
				7623C5731EB4A54F0050838F /* slotGlowGood.png in Resources */,
				7623C56E1EB4A54F0050838F /* slotBaseBad@2x.png in Resources */,
				7623C5691EB4A54F0050838F /* ballYellow@2x.png in Resources */,
				7623C56D1EB4A54F0050838F /* slotBaseBad.png in Resources */,
				7623C55A1EB4A54E0050838F /* background.jpg in Resources */,
				7623C5701EB4A54F0050838F /* slotBaseGood@2x.png in Resources */,
				7623C56B1EB4A54F0050838F /* bouncer@2x.png in Resources */,
				7623C5661EB4A54F0050838F /* ballRed.png in Resources */,
				7623C56C1EB4A54F0050838F /* FireParticles.sks in Resources */,
				7623C5671EB4A54F0050838F /* ballRed@2x.png in Resources */,
				7623C5281EB492A10050838F /* GameScene.sks in Resources */,
				7623C5711EB4A54F0050838F /* slotGlowBad.png in Resources */,
				7623C5331EB492A10050838F /* Assets.xcassets in Resources */,
				7623C5681EB4A54F0050838F /* ballYellow.png in Resources */,
				7623C56A1EB4A54F0050838F /* bouncer.png in Resources */,
				7623C5601EB4A54F0050838F /* ballGreen.png in Resources */,
				7623C55B1EB4A54E0050838F /* background@2x.jpg in Resources */,
				7623C5361EB492A10050838F /* LaunchScreen.storyboard in Resources */,
				7623C5621EB4A54F0050838F /* ballGrey.png in Resources */,
				7623C5611EB4A54F0050838F /* ballGreen@2x.png in Resources */,
				7623C55F1EB4A54F0050838F /* ballCyan@2x.png in Resources */,
				7623C5741EB4A54F0050838F /* slotGlowGood@2x.png in Resources */,
				7623C5751EB4A54F0050838F /* spark.png in Resources */,
				7623C5641EB4A54F0050838F /* ballPurple.png in Resources */,
				7623C55D1EB4A54F0050838F /* ballBlue@2x.png in Resources */,
			);
			runOnlyForDeploymentPostprocessing = 0;
		};
/* End PBXResourcesBuildPhase section */

/* Begin PBXSourcesBuildPhase section */
		7623C51E1EB492A00050838F /* Sources */ = {
			isa = PBXSourcesBuildPhase;
			buildActionMask = 2147483647;
			files = (
				7623C52C1EB492A10050838F /* GameScene.swift in Sources */,
				7623C52E1EB492A10050838F /* GameViewController.swift in Sources */,
				7623C5261EB492A10050838F /* AppDelegate.swift in Sources */,
				7623C5771EB4F6E30050838F /* Helper.swift in Sources */,
			);
			runOnlyForDeploymentPostprocessing = 0;
		};
/* End PBXSourcesBuildPhase section */

/* Begin PBXVariantGroup section */
		7623C52F1EB492A10050838F /* Main.storyboard */ = {
			isa = PBXVariantGroup;
			children = (
				7623C5301EB492A10050838F /* Base */,
			);
			name = Main.storyboard;
			sourceTree = "<group>";
		};
		7623C5341EB492A10050838F /* LaunchScreen.storyboard */ = {
			isa = PBXVariantGroup;
			children = (
				7623C5351EB492A10050838F /* Base */,
			);
			name = LaunchScreen.storyboard;
			sourceTree = "<group>";
		};
/* End PBXVariantGroup section */

/* Begin XCBuildConfiguration section */
		7623C5381EB492A10050838F /* Debug */ = {
			isa = XCBuildConfiguration;
			buildSettings = {
				ALWAYS_SEARCH_USER_PATHS = NO;
				CLANG_ANALYZER_NONNULL = YES;
				CLANG_CXX_LANGUAGE_STANDARD = "gnu++0x";
				CLANG_CXX_LIBRARY = "libc++";
				CLANG_ENABLE_MODULES = YES;
				CLANG_ENABLE_OBJC_ARC = YES;
				CLANG_WARN_BOOL_CONVERSION = YES;
				CLANG_WARN_CONSTANT_CONVERSION = YES;
				CLANG_WARN_DIRECT_OBJC_ISA_USAGE = YES_ERROR;
				CLANG_WARN_DOCUMENTATION_COMMENTS = YES;
				CLANG_WARN_EMPTY_BODY = YES;
				CLANG_WARN_ENUM_CONVERSION = YES;
				CLANG_WARN_INFINITE_RECURSION = YES;
				CLANG_WARN_INT_CONVERSION = YES;
				CLANG_WARN_OBJC_ROOT_CLASS = YES_ERROR;
				CLANG_WARN_SUSPICIOUS_MOVE = YES;
				CLANG_WARN_UNREACHABLE_CODE = YES;
				CLANG_WARN__DUPLICATE_METHOD_MATCH = YES;
				"CODE_SIGN_IDENTITY[sdk=iphoneos*]" = "iPhone Developer";
				COPY_PHASE_STRIP = NO;
				DEBUG_INFORMATION_FORMAT = dwarf;
				ENABLE_STRICT_OBJC_MSGSEND = YES;
				ENABLE_TESTABILITY = YES;
				GCC_C_LANGUAGE_STANDARD = gnu99;
				GCC_DYNAMIC_NO_PIC = NO;
				GCC_NO_COMMON_BLOCKS = YES;
				GCC_OPTIMIZATION_LEVEL = 0;
				GCC_PREPROCESSOR_DEFINITIONS = (
					"DEBUG=1",
					"$(inherited)",
				);
				GCC_WARN_64_TO_32_BIT_CONVERSION = YES;
				GCC_WARN_ABOUT_RETURN_TYPE = YES_ERROR;
				GCC_WARN_UNDECLARED_SELECTOR = YES;
				GCC_WARN_UNINITIALIZED_AUTOS = YES_AGGRESSIVE;
				GCC_WARN_UNUSED_FUNCTION = YES;
				GCC_WARN_UNUSED_VARIABLE = YES;
				IPHONEOS_DEPLOYMENT_TARGET = 10.2;
				MTL_ENABLE_DEBUG_INFO = YES;
				ONLY_ACTIVE_ARCH = YES;
				SDKROOT = iphoneos;
				SWIFT_ACTIVE_COMPILATION_CONDITIONS = DEBUG;
				SWIFT_OPTIMIZATION_LEVEL = "-Onone";
				TARGETED_DEVICE_FAMILY = 2;
			};
			name = Debug;
		};
		7623C5391EB492A10050838F /* Release */ = {
			isa = XCBuildConfiguration;
			buildSettings = {
				ALWAYS_SEARCH_USER_PATHS = NO;
				CLANG_ANALYZER_NONNULL = YES;
				CLANG_CXX_LANGUAGE_STANDARD = "gnu++0x";
				CLANG_CXX_LIBRARY = "libc++";
				CLANG_ENABLE_MODULES = YES;
				CLANG_ENABLE_OBJC_ARC = YES;
				CLANG_WARN_BOOL_CONVERSION = YES;
				CLANG_WARN_CONSTANT_CONVERSION = YES;
				CLANG_WARN_DIRECT_OBJC_ISA_USAGE = YES_ERROR;
				CLANG_WARN_DOCUMENTATION_COMMENTS = YES;
				CLANG_WARN_EMPTY_BODY = YES;
				CLANG_WARN_ENUM_CONVERSION = YES;
				CLANG_WARN_INFINITE_RECURSION = YES;
				CLANG_WARN_INT_CONVERSION = YES;
				CLANG_WARN_OBJC_ROOT_CLASS = YES_ERROR;
				CLANG_WARN_SUSPICIOUS_MOVE = YES;
				CLANG_WARN_UNREACHABLE_CODE = YES;
				CLANG_WARN__DUPLICATE_METHOD_MATCH = YES;
				"CODE_SIGN_IDENTITY[sdk=iphoneos*]" = "iPhone Developer";
				COPY_PHASE_STRIP = NO;
				DEBUG_INFORMATION_FORMAT = "dwarf-with-dsym";
				ENABLE_NS_ASSERTIONS = NO;
				ENABLE_STRICT_OBJC_MSGSEND = YES;
				GCC_C_LANGUAGE_STANDARD = gnu99;
				GCC_NO_COMMON_BLOCKS = YES;
				GCC_WARN_64_TO_32_BIT_CONVERSION = YES;
				GCC_WARN_ABOUT_RETURN_TYPE = YES_ERROR;
				GCC_WARN_UNDECLARED_SELECTOR = YES;
				GCC_WARN_UNINITIALIZED_AUTOS = YES_AGGRESSIVE;
				GCC_WARN_UNUSED_FUNCTION = YES;
				GCC_WARN_UNUSED_VARIABLE = YES;
				IPHONEOS_DEPLOYMENT_TARGET = 10.2;
				MTL_ENABLE_DEBUG_INFO = NO;
				SDKROOT = iphoneos;
				SWIFT_OPTIMIZATION_LEVEL = "-Owholemodule";
				TARGETED_DEVICE_FAMILY = 2;
				VALIDATE_PRODUCT = YES;
			};
			name = Release;
		};
		7623C53B1EB492A10050838F /* Debug */ = {
			isa = XCBuildConfiguration;
			buildSettings = {
				ASSETCATALOG_COMPILER_APPICON_NAME = AppIcon;
				INFOPLIST_FILE = Pachinko/Info.plist;
				LD_RUNPATH_SEARCH_PATHS = "$(inherited) @executable_path/Frameworks";
				PRODUCT_BUNDLE_IDENTIFIER = com.nbalsmeyer.Pachinko;
				PRODUCT_NAME = "$(TARGET_NAME)";
				SWIFT_VERSION = 3.0;
			};
			name = Debug;
		};
		7623C53C1EB492A10050838F /* Release */ = {
			isa = XCBuildConfiguration;
			buildSettings = {
				ASSETCATALOG_COMPILER_APPICON_NAME = AppIcon;
				INFOPLIST_FILE = Pachinko/Info.plist;
				LD_RUNPATH_SEARCH_PATHS = "$(inherited) @executable_path/Frameworks";
				PRODUCT_BUNDLE_IDENTIFIER = com.nbalsmeyer.Pachinko;
				PRODUCT_NAME = "$(TARGET_NAME)";
				SWIFT_VERSION = 3.0;
			};
			name = Release;
		};
/* End XCBuildConfiguration section */

/* Begin XCConfigurationList section */
		7623C51D1EB492A00050838F /* Build configuration list for PBXProject "Pachinko" */ = {
			isa = XCConfigurationList;
			buildConfigurations = (
				7623C5381EB492A10050838F /* Debug */,
				7623C5391EB492A10050838F /* Release */,
			);
			defaultConfigurationIsVisible = 0;
			defaultConfigurationName = Release;
		};
		7623C53A1EB492A10050838F /* Build configuration list for PBXNativeTarget "Pachinko" */ = {
			isa = XCConfigurationList;
			buildConfigurations = (
				7623C53B1EB492A10050838F /* Debug */,
				7623C53C1EB492A10050838F /* Release */,
			);
			defaultConfigurationIsVisible = 0;
		};
/* End XCConfigurationList section */
	};
	rootObject = 7623C51A1EB492A00050838F /* Project object */;
}
